// !$*UTF8*$!
{
	archiveVersion = 1;
	classes = {
	};
	objectVersion = 56;
	objects = {

/* Begin PBXBuildFile section */
		BA0FCB052948BF310062991B /* AppDelegate.swift in Sources */ = {isa = PBXBuildFile; fileRef = BA0FCB042948BF310062991B /* AppDelegate.swift */; };
		BA0FCB072948BF310062991B /* SceneDelegate.swift in Sources */ = {isa = PBXBuildFile; fileRef = BA0FCB062948BF310062991B /* SceneDelegate.swift */; };
		BA0FCB092948BF310062991B /* ViewController.swift in Sources */ = {isa = PBXBuildFile; fileRef = BA0FCB082948BF310062991B /* ViewController.swift */; };
		BA0FCB0C2948BF310062991B /* Main.storyboard in Resources */ = {isa = PBXBuildFile; fileRef = BA0FCB0A2948BF310062991B /* Main.storyboard */; };
		BA0FCB0F2948BF310062991B /* Praxisfreitag_9_5_API.xcdatamodeld in Sources */ = {isa = PBXBuildFile; fileRef = BA0FCB0D2948BF310062991B /* Praxisfreitag_9_5_API.xcdatamodeld */; };
		BA0FCB112948BF320062991B /* Assets.xcassets in Resources */ = {isa = PBXBuildFile; fileRef = BA0FCB102948BF320062991B /* Assets.xcassets */; };
		BA0FCB142948BF320062991B /* LaunchScreen.storyboard in Resources */ = {isa = PBXBuildFile; fileRef = BA0FCB122948BF320062991B /* LaunchScreen.storyboard */; };
/* End PBXBuildFile section */

/* Begin PBXFileReference section */
		BA0FCB012948BF310062991B /* Praxisfreitag 9,5 API.app */ = {isa = PBXFileReference; explicitFileType = wrapper.application; includeInIndex = 0; path = "Praxisfreitag 9,5 API.app"; sourceTree = BUILT_PRODUCTS_DIR; };
		BA0FCB042948BF310062991B /* AppDelegate.swift */ = {isa = PBXFileReference; lastKnownFileType = sourcecode.swift; path = AppDelegate.swift; sourceTree = "<group>"; };
		BA0FCB062948BF310062991B /* SceneDelegate.swift */ = {isa = PBXFileReference; lastKnownFileType = sourcecode.swift; path = SceneDelegate.swift; sourceTree = "<group>"; };
		BA0FCB082948BF310062991B /* ViewController.swift */ = {isa = PBXFileReference; lastKnownFileType = sourcecode.swift; path = ViewController.swift; sourceTree = "<group>"; };
		BA0FCB0B2948BF310062991B /* Base */ = {isa = PBXFileReference; lastKnownFileType = file.storyboard; name = Base; path = Base.lproj/Main.storyboard; sourceTree = "<group>"; };
		BA0FCB0E2948BF310062991B /* Praxisfreitag_9_5_API.xcdatamodel */ = {isa = PBXFileReference; lastKnownFileType = wrapper.xcdatamodel; path = Praxisfreitag_9_5_API.xcdatamodel; sourceTree = "<group>"; };
		BA0FCB102948BF320062991B /* Assets.xcassets */ = {isa = PBXFileReference; lastKnownFileType = folder.assetcatalog; path = Assets.xcassets; sourceTree = "<group>"; };
		BA0FCB132948BF320062991B /* Base */ = {isa = PBXFileReference; lastKnownFileType = file.storyboard; name = Base; path = Base.lproj/LaunchScreen.storyboard; sourceTree = "<group>"; };
		BA0FCB152948BF320062991B /* Info.plist */ = {isa = PBXFileReference; lastKnownFileType = text.plist.xml; path = Info.plist; sourceTree = "<group>"; };
/* End PBXFileReference section */

/* Begin PBXFrameworksBuildPhase section */
		BA0FCAFE2948BF310062991B /* Frameworks */ = {
			isa = PBXFrameworksBuildPhase;
			buildActionMask = 2147483647;
			files = (
			);
			runOnlyForDeploymentPostprocessing = 0;
		};
/* End PBXFrameworksBuildPhase section */

/* Begin PBXGroup section */
		BA0FCAF82948BF310062991B = {
			isa = PBXGroup;
			children = (
				BA0FCB032948BF310062991B /* Praxisfreitag 9,5 API */,
				BA0FCB022948BF310062991B /* Products */,
			);
			sourceTree = "<group>";
		};
		BA0FCB022948BF310062991B /* Products */ = {
			isa = PBXGroup;
			children = (
				BA0FCB012948BF310062991B /* Praxisfreitag 9,5 API.app */,
			);
			name = Products;
			sourceTree = "<group>";
		};
		BA0FCB032948BF310062991B /* Praxisfreitag 9,5 API */ = {
			isa = PBXGroup;
			children = (
				BA0FCB042948BF310062991B /* AppDelegate.swift */,
				BA0FCB062948BF310062991B /* SceneDelegate.swift */,
				BA0FCB082948BF310062991B /* ViewController.swift */,
				BA0FCB0A2948BF310062991B /* Main.storyboard */,
				BA0FCB102948BF320062991B /* Assets.xcassets */,
				BA0FCB122948BF320062991B /* LaunchScreen.storyboard */,
				BA0FCB152948BF320062991B /* Info.plist */,
				BA0FCB0D2948BF310062991B /* Praxisfreitag_9_5_API.xcdatamodeld */,
			);
			path = "Praxisfreitag 9,5 API";
			sourceTree = "<group>";
		};
/* End PBXGroup section */

/* Begin PBXNativeTarget section */
		BA0FCB002948BF310062991B /* Praxisfreitag 9,5 API */ = {
			isa = PBXNativeTarget;
			buildConfigurationList = BA0FCB182948BF320062991B /* Build configuration list for PBXNativeTarget "Praxisfreitag 9,5 API" */;
			buildPhases = (
				BA0FCAFD2948BF310062991B /* Sources */,
				BA0FCAFE2948BF310062991B /* Frameworks */,
				BA0FCAFF2948BF310062991B /* Resources */,
			);
			buildRules = (
			);
			dependencies = (
			);
			name = "Praxisfreitag 9,5 API";
			productName = "Praxisfreitag 9,5 API";
			productReference = BA0FCB012948BF310062991B /* Praxisfreitag 9,5 API.app */;
			productType = "com.apple.product-type.application";
		};
/* End PBXNativeTarget section */

/* Begin PBXProject section */
		BA0FCAF92948BF310062991B /* Project object */ = {
			isa = PBXProject;
			attributes = {
				BuildIndependentTargetsInParallel = 1;
				LastSwiftUpdateCheck = 1410;
				LastUpgradeCheck = 1410;
				TargetAttributes = {
					BA0FCB002948BF310062991B = {
						CreatedOnToolsVersion = 14.1;
					};
				};
			};
			buildConfigurationList = BA0FCAFC2948BF310062991B /* Build configuration list for PBXProject "Praxisfreitag 9,5 API" */;
			compatibilityVersion = "Xcode 14.0";
			developmentRegion = en;
			hasScannedForEncodings = 0;
			knownRegions = (
				en,
				Base,
			);
			mainGroup = BA0FCAF82948BF310062991B;
			productRefGroup = BA0FCB022948BF310062991B /* Products */;
			projectDirPath = "";
			projectRoot = "";
			targets = (
				BA0FCB002948BF310062991B /* Praxisfreitag 9,5 API */,
			);
		};
/* End PBXProject section */

/* Begin PBXResourcesBuildPhase section */
		BA0FCAFF2948BF310062991B /* Resources */ = {
			isa = PBXResourcesBuildPhase;
			buildActionMask = 2147483647;
			files = (
				BA0FCB142948BF320062991B /* LaunchScreen.storyboard in Resources */,
				BA0FCB112948BF320062991B /* Assets.xcassets in Resources */,
				BA0FCB0C2948BF310062991B /* Main.storyboard in Resources */,
			);
			runOnlyForDeploymentPostprocessing = 0;
		};
/* End PBXResourcesBuildPhase section */

/* Begin PBXSourcesBuildPhase section */
		BA0FCAFD2948BF310062991B /* Sources */ = {
			isa = PBXSourcesBuildPhase;
			buildActionMask = 2147483647;
			files = (
				BA0FCB0F2948BF310062991B /* Praxisfreitag_9_5_API.xcdatamodeld in Sources */,
				BA0FCB092948BF310062991B /* ViewController.swift in Sources */,
				BA0FCB052948BF310062991B /* AppDelegate.swift in Sources */,
				BA0FCB072948BF310062991B /* SceneDelegate.swift in Sources */,
			);
			runOnlyForDeploymentPostprocessing = 0;
		};
/* End PBXSourcesBuildPhase section */

/* Begin PBXVariantGroup section */
		BA0FCB0A2948BF310062991B /* Main.storyboard */ = {
			isa = PBXVariantGroup;
			children = (
				BA0FCB0B2948BF310062991B /* Base */,
			);
			name = Main.storyboard;
			sourceTree = "<group>";
		};
		BA0FCB122948BF320062991B /* LaunchScreen.storyboard */ = {
			isa = PBXVariantGroup;
			children = (
				BA0FCB132948BF320062991B /* Base */,
			);
			name = LaunchScreen.storyboard;
			sourceTree = "<group>";
		};
/* End PBXVariantGroup section */

/* Begin XCBuildConfiguration section */
		BA0FCB162948BF320062991B /* Debug */ = {
			isa = XCBuildConfiguration;
			buildSettings = {
				ALWAYS_SEARCH_USER_PATHS = NO;
				CLANG_ANALYZER_NONNULL = YES;
				CLANG_ANALYZER_NUMBER_OBJECT_CONVERSION = YES_AGGRESSIVE;
				CLANG_CXX_LANGUAGE_STANDARD = "gnu++20";
				CLANG_ENABLE_MODULES = YES;
				CLANG_ENABLE_OBJC_ARC = YES;
				CLANG_ENABLE_OBJC_WEAK = YES;
				CLANG_WARN_BLOCK_CAPTURE_AUTORELEASING = YES;
				CLANG_WARN_BOOL_CONVERSION = YES;
				CLANG_WARN_COMMA = YES;
				CLANG_WARN_CONSTANT_CONVERSION = YES;
				CLANG_WARN_DEPRECATED_OBJC_IMPLEMENTATIONS = YES;
				CLANG_WARN_DIRECT_OBJC_ISA_USAGE = YES_ERROR;
				CLANG_WARN_DOCUMENTATION_COMMENTS = YES;
				CLANG_WARN_EMPTY_BODY = YES;
				CLANG_WARN_ENUM_CONVERSION = YES;
				CLANG_WARN_INFINITE_RECURSION = YES;
				CLANG_WARN_INT_CONVERSION = YES;
				CLANG_WARN_NON_LITERAL_NULL_CONVERSION = YES;
				CLANG_WARN_OBJC_IMPLICIT_RETAIN_SELF = YES;
				CLANG_WARN_OBJC_LITERAL_CONVERSION = YES;
				CLANG_WARN_OBJC_ROOT_CLASS = YES_ERROR;
				CLANG_WARN_QUOTED_INCLUDE_IN_FRAMEWORK_HEADER = YES;
				CLANG_WARN_RANGE_LOOP_ANALYSIS = YES;
				CLANG_WARN_STRICT_PROTOTYPES = YES;
				CLANG_WARN_SUSPICIOUS_MOVE = YES;
				CLANG_WARN_UNGUARDED_AVAILABILITY = YES_AGGRESSIVE;
				CLANG_WARN_UNREACHABLE_CODE = YES;
				CLANG_WARN__DUPLICATE_METHOD_MATCH = YES;
				COPY_PHASE_STRIP = NO;
				DEBUG_INFORMATION_FORMAT = dwarf;
				ENABLE_STRICT_OBJC_MSGSEND = YES;
				ENABLE_TESTABILITY = YES;
				GCC_C_LANGUAGE_STANDARD = gnu11;
				GCC_DYNAMIC_NO_PIC = NO;
				GCC_NO_COMMON_BLOCKS = YES;
				GCC_OPTIMIZATION_LEVEL = 0;
				GCC_PREPROCESSOR_DEFINITIONS = (
					"DEBUG=1",
					"$(inherited)",
				);
				GCC_WARN_64_TO_32_BIT_CONVERSION = YES;
				GCC_WARN_ABOUT_RETURN_TYPE = YES_ERROR;
				GCC_WARN_UNDECLARED_SELECTOR = YES;
				GCC_WARN_UNINITIALIZED_AUTOS = YES_AGGRESSIVE;
				GCC_WARN_UNUSED_FUNCTION = YES;
				GCC_WARN_UNUSED_VARIABLE = YES;
				IPHONEOS_DEPLOYMENT_TARGET = 16.1;
				MTL_ENABLE_DEBUG_INFO = INCLUDE_SOURCE;
				MTL_FAST_MATH = YES;
				ONLY_ACTIVE_ARCH = YES;
				SDKROOT = iphoneos;
				SWIFT_ACTIVE_COMPILATION_CONDITIONS = DEBUG;
				SWIFT_OPTIMIZATION_LEVEL = "-Onone";
			};
			name = Debug;
		};
		BA0FCB172948BF320062991B /* Release */ = {
			isa = XCBuildConfiguration;
			buildSettings = {
				ALWAYS_SEARCH_USER_PATHS = NO;
				CLANG_ANALYZER_NONNULL = YES;
				CLANG_ANALYZER_NUMBER_OBJECT_CONVERSION = YES_AGGRESSIVE;
				CLANG_CXX_LANGUAGE_STANDARD = "gnu++20";
				CLANG_ENABLE_MODULES = YES;
				CLANG_ENABLE_OBJC_ARC = YES;
				CLANG_ENABLE_OBJC_WEAK = YES;
				CLANG_WARN_BLOCK_CAPTURE_AUTORELEASING = YES;
				CLANG_WARN_BOOL_CONVERSION = YES;
				CLANG_WARN_COMMA = YES;
				CLANG_WARN_CONSTANT_CONVERSION = YES;
				CLANG_WARN_DEPRECATED_OBJC_IMPLEMENTATIONS = YES;
				CLANG_WARN_DIRECT_OBJC_ISA_USAGE = YES_ERROR;
				CLANG_WARN_DOCUMENTATION_COMMENTS = YES;
				CLANG_WARN_EMPTY_BODY = YES;
				CLANG_WARN_ENUM_CONVERSION = YES;
				CLANG_WARN_INFINITE_RECURSION = YES;
				CLANG_WARN_INT_CONVERSION = YES;
				CLANG_WARN_NON_LITERAL_NULL_CONVERSION = YES;
				CLANG_WARN_OBJC_IMPLICIT_RETAIN_SELF = YES;
				CLANG_WARN_OBJC_LITERAL_CONVERSION = YES;
				CLANG_WARN_OBJC_ROOT_CLASS = YES_ERROR;
				CLANG_WARN_QUOTED_INCLUDE_IN_FRAMEWORK_HEADER = YES;
				CLANG_WARN_RANGE_LOOP_ANALYSIS = YES;
				CLANG_WARN_STRICT_PROTOTYPES = YES;
				CLANG_WARN_SUSPICIOUS_MOVE = YES;
				CLANG_WARN_UNGUARDED_AVAILABILITY = YES_AGGRESSIVE;
				CLANG_WARN_UNREACHABLE_CODE = YES;
				CLANG_WARN__DUPLICATE_METHOD_MATCH = YES;
				COPY_PHASE_STRIP = NO;
				DEBUG_INFORMATION_FORMAT = "dwarf-with-dsym";
				ENABLE_NS_ASSERTIONS = NO;
				ENABLE_STRICT_OBJC_MSGSEND = YES;
				GCC_C_LANGUAGE_STANDARD = gnu11;
				GCC_NO_COMMON_BLOCKS = YES;
				GCC_WARN_64_TO_32_BIT_CONVERSION = YES;
				GCC_WARN_ABOUT_RETURN_TYPE = YES_ERROR;
				GCC_WARN_UNDECLARED_SELECTOR = YES;
				GCC_WARN_UNINITIALIZED_AUTOS = YES_AGGRESSIVE;
				GCC_WARN_UNUSED_FUNCTION = YES;
				GCC_WARN_UNUSED_VARIABLE = YES;
				IPHONEOS_DEPLOYMENT_TARGET = 16.1;
				MTL_ENABLE_DEBUG_INFO = NO;
				MTL_FAST_MATH = YES;
				SDKROOT = iphoneos;
				SWIFT_COMPILATION_MODE = wholemodule;
				SWIFT_OPTIMIZATION_LEVEL = "-O";
				VALIDATE_PRODUCT = YES;
			};
			name = Release;
		};
		BA0FCB192948BF320062991B /* Debug */ = {
			isa = XCBuildConfiguration;
			buildSettings = {
				ASSETCATALOG_COMPILER_APPICON_NAME = AppIcon;
				ASSETCATALOG_COMPILER_GLOBAL_ACCENT_COLOR_NAME = AccentColor;
				CODE_SIGN_STYLE = Automatic;
				CURRENT_PROJECT_VERSION = 1;
				DEVELOPMENT_TEAM = D2VD9LL7F5;
				GENERATE_INFOPLIST_FILE = YES;
				INFOPLIST_FILE = "Praxisfreitag 9,5 API/Info.plist";
				INFOPLIST_KEY_UIApplicationSupportsIndirectInputEvents = YES;
				INFOPLIST_KEY_UILaunchStoryboardName = LaunchScreen;
				INFOPLIST_KEY_UIMainStoryboardFile = Main;
				INFOPLIST_KEY_UISupportedInterfaceOrientations_iPad = "UIInterfaceOrientationPortrait UIInterfaceOrientationPortraitUpsideDown UIInterfaceOrientationLandscapeLeft UIInterfaceOrientationLandscapeRight";
				INFOPLIST_KEY_UISupportedInterfaceOrientations_iPhone = "UIInterfaceOrientationPortrait UIInterfaceOrientationLandscapeLeft UIInterfaceOrientationLandscapeRight";
				LD_RUNPATH_SEARCH_PATHS = (
					"$(inherited)",
					"@executable_path/Frameworks",
				);
				MARKETING_VERSION = 1.0;
				PRODUCT_BUNDLE_IDENTIFIER = "com.michaelhornung.Praxisfreitag-9-5-API";
				PRODUCT_NAME = "$(TARGET_NAME)";
				SWIFT_EMIT_LOC_STRINGS = YES;
				SWIFT_VERSION = 5.0;
				TARGETED_DEVICE_FAMILY = "1,2";
			};
			name = Debug;
		};
		BA0FCB1A2948BF320062991B /* Release */ = {
			isa = XCBuildConfiguration;
			buildSettings = {
				ASSETCATALOG_COMPILER_APPICON_NAME = AppIcon;
				ASSETCATALOG_COMPILER_GLOBAL_ACCENT_COLOR_NAME = AccentColor;
				CODE_SIGN_STYLE = Automatic;
				CURRENT_PROJECT_VERSION = 1;
				DEVELOPMENT_TEAM = D2VD9LL7F5;
				GENERATE_INFOPLIST_FILE = YES;
				INFOPLIST_FILE = "Praxisfreitag 9,5 API/Info.plist";
				INFOPLIST_KEY_UIApplicationSupportsIndirectInputEvents = YES;
				INFOPLIST_KEY_UILaunchStoryboardName = LaunchScreen;
				INFOPLIST_KEY_UIMainStoryboardFile = Main;
				INFOPLIST_KEY_UISupportedInterfaceOrientations_iPad = "UIInterfaceOrientationPortrait UIInterfaceOrientationPortraitUpsideDown UIInterfaceOrientationLandscapeLeft UIInterfaceOrientationLandscapeRight";
				INFOPLIST_KEY_UISupportedInterfaceOrientations_iPhone = "UIInterfaceOrientationPortrait UIInterfaceOrientationLandscapeLeft UIInterfaceOrientationLandscapeRight";
				LD_RUNPATH_SEARCH_PATHS = (
					"$(inherited)",
					"@executable_path/Frameworks",
				);
				MARKETING_VERSION = 1.0;
				PRODUCT_BUNDLE_IDENTIFIER = "com.michaelhornung.Praxisfreitag-9-5-API";
				PRODUCT_NAME = "$(TARGET_NAME)";
				SWIFT_EMIT_LOC_STRINGS = YES;
				SWIFT_VERSION = 5.0;
				TARGETED_DEVICE_FAMILY = "1,2";
			};
			name = Release;
		};
/* End XCBuildConfiguration section */

/* Begin XCConfigurationList section */
		BA0FCAFC2948BF310062991B /* Build configuration list for PBXProject "Praxisfreitag 9,5 API" */ = {
			isa = XCConfigurationList;
			buildConfigurations = (
				BA0FCB162948BF320062991B /* Debug */,
				BA0FCB172948BF320062991B /* Release */,
			);
			defaultConfigurationIsVisible = 0;
			defaultConfigurationName = Release;
		};
		BA0FCB182948BF320062991B /* Build configuration list for PBXNativeTarget "Praxisfreitag 9,5 API" */ = {
			isa = XCConfigurationList;
			buildConfigurations = (
				BA0FCB192948BF320062991B /* Debug */,
				BA0FCB1A2948BF320062991B /* Release */,
			);
			defaultConfigurationIsVisible = 0;
			defaultConfigurationName = Release;
		};
/* End XCConfigurationList section */

/* Begin XCVersionGroup section */
		BA0FCB0D2948BF310062991B /* Praxisfreitag_9_5_API.xcdatamodeld */ = {
			isa = XCVersionGroup;
			children = (
				BA0FCB0E2948BF310062991B /* Praxisfreitag_9_5_API.xcdatamodel */,
			);
			currentVersion = BA0FCB0E2948BF310062991B /* Praxisfreitag_9_5_API.xcdatamodel */;
			path = Praxisfreitag_9_5_API.xcdatamodeld;
			sourceTree = "<group>";
			versionGroupType = wrapper.xcdatamodel;
		};
/* End XCVersionGroup section */
	};
	rootObject = BA0FCAF92948BF310062991B /* Project object */;
}
